
Microsoft Visual Studio Solution File, Format Version 12.00
# Visual Studio Version 17
VisualStudioVersion = 17.13.35931.197 d17.13
MinimumVisualStudioVersion = 10.0.40219.1
Project("{FAE04EC0-301F-11D3-BF4B-00C04F79EFBC}") = "BookManager", "BookManager.csproj", "{229228AC-21A9-407E-8ECC-079C31854549}"
EndProject
Global
	GlobalSection(SolutionConfigurationPlatforms) = preSolution
		Debug|Any CPU = Debug|Any CPU
		Release|Any CPU = Release|Any CPU
	EndGlobalSection
	GlobalSection(ProjectConfigurationPlatforms) = postSolution
		{229228AC-21A9-407E-8ECC-079C31854549}.Debug|Any CPU.ActiveCfg = Debug|Any CPU
		{229228AC-21A9-407E-8ECC-079C31854549}.Debug|Any CPU.Build.0 = Debug|Any CPU
		{229228AC-21A9-407E-8ECC-079C31854549}.Release|Any CPU.ActiveCfg = Release|Any CPU
		{229228AC-21A9-407E-8ECC-079C31854549}.Release|Any CPU.Build.0 = Release|Any CPU
	EndGlobalSection
	GlobalSection(SolutionProperties) = preSolution
		HideSolutionNode = FALSE
	EndGlobalSection
	GlobalSection(ExtensibilityGlobals) = postSolution
		SolutionGuid = {57707FA7-568D-4542-919F-3C9B608FBC81}
	EndGlobalSection
EndGlobal
